
Microsoft Visual Studio Solution File, Format Version 12.00
# Visual Studio 2013
VisualStudioVersion = 12.0.30723.0
MinimumVisualStudioVersion = 10.0.40219.1
Project("{FAE04EC0-301F-11D3-BF4B-00C04F79EFBC}") = "MozuDataConnector.Test", "MozuDataConnector.Test\MozuDataConnector.Test.csproj", "{1915667D-DF66-498C-83A4-642DD841A170}"
EndProject
Project("{FAE04EC0-301F-11D3-BF4B-00C04F79EFBC}") = "MozuDataConnector.Domain", "MozuDataConnector.Domain\MozuDataConnector.Domain.csproj", "{91AB3190-4D95-4FDF-99DD-F7904EBEFCCA}"
EndProject
Project("{FAE04EC0-301F-11D3-BF4B-00C04F79EFBC}") = "MozuDataConnector.Web", "MozuDataConnector.Web\MozuDataConnector.Web.csproj", "{D91408C7-F8B8-41BA-B1E3-EB718BCECD39}"
EndProject
Global
	GlobalSection(SolutionConfigurationPlatforms) = preSolution
		Debug|Any CPU = Debug|Any CPU
		Release|Any CPU = Release|Any CPU
	EndGlobalSection
	GlobalSection(ProjectConfigurationPlatforms) = postSolution
		{1915667D-DF66-498C-83A4-642DD841A170}.Debug|Any CPU.ActiveCfg = Debug|Any CPU
		{1915667D-DF66-498C-83A4-642DD841A170}.Debug|Any CPU.Build.0 = Debug|Any CPU
		{1915667D-DF66-498C-83A4-642DD841A170}.Release|Any CPU.ActiveCfg = Release|Any CPU
		{1915667D-DF66-498C-83A4-642DD841A170}.Release|Any CPU.Build.0 = Release|Any CPU
		{91AB3190-4D95-4FDF-99DD-F7904EBEFCCA}.Debug|Any CPU.ActiveCfg = Debug|Any CPU
		{91AB3190-4D95-4FDF-99DD-F7904EBEFCCA}.Debug|Any CPU.Build.0 = Debug|Any CPU
		{91AB3190-4D95-4FDF-99DD-F7904EBEFCCA}.Release|Any CPU.ActiveCfg = Release|Any CPU
		{91AB3190-4D95-4FDF-99DD-F7904EBEFCCA}.Release|Any CPU.Build.0 = Release|Any CPU
		{D91408C7-F8B8-41BA-B1E3-EB718BCECD39}.Debug|Any CPU.ActiveCfg = Debug|Any CPU
		{D91408C7-F8B8-41BA-B1E3-EB718BCECD39}.Debug|Any CPU.Build.0 = Debug|Any CPU
		{D91408C7-F8B8-41BA-B1E3-EB718BCECD39}.Release|Any CPU.ActiveCfg = Release|Any CPU
		{D91408C7-F8B8-41BA-B1E3-EB718BCECD39}.Release|Any CPU.Build.0 = Release|Any CPU
	EndGlobalSection
	GlobalSection(SolutionProperties) = preSolution
		HideSolutionNode = FALSE
	EndGlobalSection
EndGlobal
